
Microsoft Visual Studio Solution File, Format Version 12.00
# Visual Studio 15
VisualStudioVersion = 15.0.26730.12
MinimumVisualStudioVersion = 10.0.40219.1
Project("{FAE04EC0-301F-11D3-BF4B-00C04F79EFBC}") = "STOshopModel", "STOshopModel\STOshopModel.csproj", "{A01B7104-8837-43CD-98B7-791812D13767}"
EndProject
Project("{FAE04EC0-301F-11D3-BF4B-00C04F79EFBC}") = "STOshopService", "STOshopService\STOshopService.csproj", "{8BF62506-3192-4B3F-A88E-4E0AD946F062}"
EndProject
Project("{FAE04EC0-301F-11D3-BF4B-00C04F79EFBC}") = "STOshopView", "STOshopView\STOshopView.csproj", "{9D25EBA3-7D29-41F9-B4AC-5C19010D0B5A}"
EndProject
Project("{FAE04EC0-301F-11D3-BF4B-00C04F79EFBC}") = "WpfSTOshop", "WpfSTOshop\WpfSTOshop.csproj", "{F8F356FE-9C95-4CF7-9D4F-F31B1CA5A22C}"
EndProject
Global
	GlobalSection(SolutionConfigurationPlatforms) = preSolution
		Debug|Any CPU = Debug|Any CPU
		Release|Any CPU = Release|Any CPU
	EndGlobalSection
	GlobalSection(ProjectConfigurationPlatforms) = postSolution
		{A01B7104-8837-43CD-98B7-791812D13767}.Debug|Any CPU.ActiveCfg = Debug|Any CPU
		{A01B7104-8837-43CD-98B7-791812D13767}.Debug|Any CPU.Build.0 = Debug|Any CPU
		{A01B7104-8837-43CD-98B7-791812D13767}.Release|Any CPU.ActiveCfg = Release|Any CPU
		{A01B7104-8837-43CD-98B7-791812D13767}.Release|Any CPU.Build.0 = Release|Any CPU
		{8BF62506-3192-4B3F-A88E-4E0AD946F062}.Debug|Any CPU.ActiveCfg = Debug|Any CPU
		{8BF62506-3192-4B3F-A88E-4E0AD946F062}.Debug|Any CPU.Build.0 = Debug|Any CPU
		{8BF62506-3192-4B3F-A88E-4E0AD946F062}.Release|Any CPU.ActiveCfg = Release|Any CPU
		{8BF62506-3192-4B3F-A88E-4E0AD946F062}.Release|Any CPU.Build.0 = Release|Any CPU
		{9D25EBA3-7D29-41F9-B4AC-5C19010D0B5A}.Debug|Any CPU.ActiveCfg = Debug|Any CPU
		{9D25EBA3-7D29-41F9-B4AC-5C19010D0B5A}.Debug|Any CPU.Build.0 = Debug|Any CPU
		{9D25EBA3-7D29-41F9-B4AC-5C19010D0B5A}.Release|Any CPU.ActiveCfg = Release|Any CPU
		{9D25EBA3-7D29-41F9-B4AC-5C19010D0B5A}.Release|Any CPU.Build.0 = Release|Any CPU
		{F8F356FE-9C95-4CF7-9D4F-F31B1CA5A22C}.Debug|Any CPU.ActiveCfg = Debug|Any CPU
		{F8F356FE-9C95-4CF7-9D4F-F31B1CA5A22C}.Debug|Any CPU.Build.0 = Debug|Any CPU
		{F8F356FE-9C95-4CF7-9D4F-F31B1CA5A22C}.Release|Any CPU.ActiveCfg = Release|Any CPU
		{F8F356FE-9C95-4CF7-9D4F-F31B1CA5A22C}.Release|Any CPU.Build.0 = Release|Any CPU
	EndGlobalSection
	GlobalSection(SolutionProperties) = preSolution
		HideSolutionNode = FALSE
	EndGlobalSection
	GlobalSection(ExtensibilityGlobals) = postSolution
		SolutionGuid = {7C33BF3C-D926-4D12-80C5-E26C544E007D}
	EndGlobalSection
EndGlobal
